
Microsoft Visual Studio Solution File, Format Version 12.00
# Visual Studio 14
VisualStudioVersion = 14.0.25420.1
MinimumVisualStudioVersion = 10.0.40219.1
Project("{FAE04EC0-301F-11D3-BF4B-00C04F79EFBC}") = "CalendarStamp", "CalendarStamp\CalendarStamp\CalendarStamp.csproj", "{288CE9BE-2FE2-4CE6-B6B3-15C5FB5AD4FD}"
EndProject
Project("{FAE04EC0-301F-11D3-BF4B-00C04F79EFBC}") = "CalendarStamp.Droid", "CalendarStamp\CalendarStamp.Droid\CalendarStamp.Droid.csproj", "{B36E2ABE-F49F-4210-871C-09241DF15305}"
EndProject
Project("{FAE04EC0-301F-11D3-BF4B-00C04F79EFBC}") = "CalendarStamp.iOS", "CalendarStamp\CalendarStamp.iOS\CalendarStamp.iOS.csproj", "{03F82F99-6B60-4D6B-8C64-10BBE0D5FDEB}"
EndProject
Global
	GlobalSection(SolutionConfigurationPlatforms) = preSolution
		Ad-Hoc|Any CPU = Ad-Hoc|Any CPU
		Ad-Hoc|iPhone = Ad-Hoc|iPhone
		Ad-Hoc|iPhoneSimulator = Ad-Hoc|iPhoneSimulator
		AppStore|Any CPU = AppStore|Any CPU
		AppStore|iPhone = AppStore|iPhone
		AppStore|iPhoneSimulator = AppStore|iPhoneSimulator
		Debug|Any CPU = Debug|Any CPU
		Debug|iPhone = Debug|iPhone
		Debug|iPhoneSimulator = Debug|iPhoneSimulator
		Release|Any CPU = Release|Any CPU
		Release|iPhone = Release|iPhone
		Release|iPhoneSimulator = Release|iPhoneSimulator
	EndGlobalSection
	GlobalSection(ProjectConfigurationPlatforms) = postSolution
		{288CE9BE-2FE2-4CE6-B6B3-15C5FB5AD4FD}.Ad-Hoc|Any CPU.ActiveCfg = Release|Any CPU
		{288CE9BE-2FE2-4CE6-B6B3-15C5FB5AD4FD}.Ad-Hoc|Any CPU.Build.0 = Release|Any CPU
		{288CE9BE-2FE2-4CE6-B6B3-15C5FB5AD4FD}.Ad-Hoc|iPhone.ActiveCfg = Release|Any CPU
		{288CE9BE-2FE2-4CE6-B6B3-15C5FB5AD4FD}.Ad-Hoc|iPhone.Build.0 = Release|Any CPU
		{288CE9BE-2FE2-4CE6-B6B3-15C5FB5AD4FD}.Ad-Hoc|iPhoneSimulator.ActiveCfg = Release|Any CPU
		{288CE9BE-2FE2-4CE6-B6B3-15C5FB5AD4FD}.Ad-Hoc|iPhoneSimulator.Build.0 = Release|Any CPU
		{288CE9BE-2FE2-4CE6-B6B3-15C5FB5AD4FD}.AppStore|Any CPU.ActiveCfg = Release|Any CPU
		{288CE9BE-2FE2-4CE6-B6B3-15C5FB5AD4FD}.AppStore|Any CPU.Build.0 = Release|Any CPU
		{288CE9BE-2FE2-4CE6-B6B3-15C5FB5AD4FD}.AppStore|iPhone.ActiveCfg = Release|Any CPU
		{288CE9BE-2FE2-4CE6-B6B3-15C5FB5AD4FD}.AppStore|iPhone.Build.0 = Release|Any CPU
		{288CE9BE-2FE2-4CE6-B6B3-15C5FB5AD4FD}.AppStore|iPhoneSimulator.ActiveCfg = Release|Any CPU
		{288CE9BE-2FE2-4CE6-B6B3-15C5FB5AD4FD}.AppStore|iPhoneSimulator.Build.0 = Release|Any CPU
		{288CE9BE-2FE2-4CE6-B6B3-15C5FB5AD4FD}.Debug|Any CPU.ActiveCfg = Debug|Any CPU
		{288CE9BE-2FE2-4CE6-B6B3-15C5FB5AD4FD}.Debug|Any CPU.Build.0 = Debug|Any CPU
		{288CE9BE-2FE2-4CE6-B6B3-15C5FB5AD4FD}.Debug|iPhone.ActiveCfg = Debug|Any CPU
		{288CE9BE-2FE2-4CE6-B6B3-15C5FB5AD4FD}.Debug|iPhone.Build.0 = Debug|Any CPU
		{288CE9BE-2FE2-4CE6-B6B3-15C5FB5AD4FD}.Debug|iPhoneSimulator.ActiveCfg = Debug|Any CPU
		{288CE9BE-2FE2-4CE6-B6B3-15C5FB5AD4FD}.Debug|iPhoneSimulator.Build.0 = Debug|Any CPU
		{288CE9BE-2FE2-4CE6-B6B3-15C5FB5AD4FD}.Release|Any CPU.ActiveCfg = Release|Any CPU
		{288CE9BE-2FE2-4CE6-B6B3-15C5FB5AD4FD}.Release|Any CPU.Build.0 = Release|Any CPU
		{288CE9BE-2FE2-4CE6-B6B3-15C5FB5AD4FD}.Release|iPhone.ActiveCfg = Release|Any CPU
		{288CE9BE-2FE2-4CE6-B6B3-15C5FB5AD4FD}.Release|iPhone.Build.0 = Release|Any CPU
		{288CE9BE-2FE2-4CE6-B6B3-15C5FB5AD4FD}.Release|iPhoneSimulator.ActiveCfg = Release|Any CPU
		{288CE9BE-2FE2-4CE6-B6B3-15C5FB5AD4FD}.Release|iPhoneSimulator.Build.0 = Release|Any CPU
		{B36E2ABE-F49F-4210-871C-09241DF15305}.Ad-Hoc|Any CPU.ActiveCfg = Release|Any CPU
		{B36E2ABE-F49F-4210-871C-09241DF15305}.Ad-Hoc|Any CPU.Build.0 = Release|Any CPU
		{B36E2ABE-F49F-4210-871C-09241DF15305}.Ad-Hoc|Any CPU.Deploy.0 = Release|Any CPU
		{B36E2ABE-F49F-4210-871C-09241DF15305}.Ad-Hoc|iPhone.ActiveCfg = Release|Any CPU
		{B36E2ABE-F49F-4210-871C-09241DF15305}.Ad-Hoc|iPhone.Build.0 = Release|Any CPU
		{B36E2ABE-F49F-4210-871C-09241DF15305}.Ad-Hoc|iPhone.Deploy.0 = Release|Any CPU
		{B36E2ABE-F49F-4210-871C-09241DF15305}.Ad-Hoc|iPhoneSimulator.ActiveCfg = Release|Any CPU
		{B36E2ABE-F49F-4210-871C-09241DF15305}.Ad-Hoc|iPhoneSimulator.Build.0 = Release|Any CPU
		{B36E2ABE-F49F-4210-871C-09241DF15305}.Ad-Hoc|iPhoneSimulator.Deploy.0 = Release|Any CPU
		{B36E2ABE-F49F-4210-871C-09241DF15305}.AppStore|Any CPU.ActiveCfg = Release|Any CPU
		{B36E2ABE-F49F-4210-871C-09241DF15305}.AppStore|Any CPU.Build.0 = Release|Any CPU
		{B36E2ABE-F49F-4210-871C-09241DF15305}.AppStore|Any CPU.Deploy.0 = Release|Any CPU
		{B36E2ABE-F49F-4210-871C-09241DF15305}.AppStore|iPhone.ActiveCfg = Release|Any CPU
		{B36E2ABE-F49F-4210-871C-09241DF15305}.AppStore|iPhone.Build.0 = Release|Any CPU
		{B36E2ABE-F49F-4210-871C-09241DF15305}.AppStore|iPhone.Deploy.0 = Release|Any CPU
		{B36E2ABE-F49F-4210-871C-09241DF15305}.AppStore|iPhoneSimulator.ActiveCfg = Release|Any CPU
		{B36E2ABE-F49F-4210-871C-09241DF15305}.AppStore|iPhoneSimulator.Build.0 = Release|Any CPU
		{B36E2ABE-F49F-4210-871C-09241DF15305}.AppStore|iPhoneSimulator.Deploy.0 = Release|Any CPU
		{B36E2ABE-F49F-4210-871C-09241DF15305}.Debug|Any CPU.ActiveCfg = Debug|Any CPU
		{B36E2ABE-F49F-4210-871C-09241DF15305}.Debug|Any CPU.Build.0 = Debug|Any CPU
		{B36E2ABE-F49F-4210-871C-09241DF15305}.Debug|Any CPU.Deploy.0 = Debug|Any CPU
		{B36E2ABE-F49F-4210-871C-09241DF15305}.Debug|iPhone.ActiveCfg = Debug|Any CPU
		{B36E2ABE-F49F-4210-871C-09241DF15305}.Debug|iPhone.Build.0 = Debug|Any CPU
		{B36E2ABE-F49F-4210-871C-09241DF15305}.Debug|iPhone.Deploy.0 = Debug|Any CPU
		{B36E2ABE-F49F-4210-871C-09241DF15305}.Debug|iPhoneSimulator.ActiveCfg = Debug|Any CPU
		{B36E2ABE-F49F-4210-871C-09241DF15305}.Debug|iPhoneSimulator.Build.0 = Debug|Any CPU
		{B36E2ABE-F49F-4210-871C-09241DF15305}.Debug|iPhoneSimulator.Deploy.0 = Debug|Any CPU
		{B36E2ABE-F49F-4210-871C-09241DF15305}.Release|Any CPU.ActiveCfg = Release|Any CPU
		{B36E2ABE-F49F-4210-871C-09241DF15305}.Release|Any CPU.Build.0 = Release|Any CPU
		{B36E2ABE-F49F-4210-871C-09241DF15305}.Release|Any CPU.Deploy.0 = Release|Any CPU
		{B36E2ABE-F49F-4210-871C-09241DF15305}.Release|iPhone.ActiveCfg = Release|Any CPU
		{B36E2ABE-F49F-4210-871C-09241DF15305}.Release|iPhone.Build.0 = Release|Any CPU
		{B36E2ABE-F49F-4210-871C-09241DF15305}.Release|iPhone.Deploy.0 = Release|Any CPU
		{B36E2ABE-F49F-4210-871C-09241DF15305}.Release|iPhoneSimulator.ActiveCfg = Release|Any CPU
		{B36E2ABE-F49F-4210-871C-09241DF15305}.Release|iPhoneSimulator.Build.0 = Release|Any CPU
		{B36E2ABE-F49F-4210-871C-09241DF15305}.Release|iPhoneSimulator.Deploy.0 = Release|Any CPU
		{03F82F99-6B60-4D6B-8C64-10BBE0D5FDEB}.Ad-Hoc|Any CPU.ActiveCfg = Ad-Hoc|iPhone
		{03F82F99-6B60-4D6B-8C64-10BBE0D5FDEB}.Ad-Hoc|iPhone.ActiveCfg = Ad-Hoc|iPhone
		{03F82F99-6B60-4D6B-8C64-10BBE0D5FDEB}.Ad-Hoc|iPhone.Build.0 = Ad-Hoc|iPhone
		{03F82F99-6B60-4D6B-8C64-10BBE0D5FDEB}.Ad-Hoc|iPhoneSimulator.ActiveCfg = Ad-Hoc|iPhoneSimulator
		{03F82F99-6B60-4D6B-8C64-10BBE0D5FDEB}.Ad-Hoc|iPhoneSimulator.Build.0 = Ad-Hoc|iPhoneSimulator
		{03F82F99-6B60-4D6B-8C64-10BBE0D5FDEB}.AppStore|Any CPU.ActiveCfg = AppStore|iPhone
		{03F82F99-6B60-4D6B-8C64-10BBE0D5FDEB}.AppStore|iPhone.ActiveCfg = AppStore|iPhone
		{03F82F99-6B60-4D6B-8C64-10BBE0D5FDEB}.AppStore|iPhone.Build.0 = AppStore|iPhone
		{03F82F99-6B60-4D6B-8C64-10BBE0D5FDEB}.AppStore|iPhoneSimulator.ActiveCfg = AppStore|iPhoneSimulator
		{03F82F99-6B60-4D6B-8C64-10BBE0D5FDEB}.AppStore|iPhoneSimulator.Build.0 = AppStore|iPhoneSimulator
		{03F82F99-6B60-4D6B-8C64-10BBE0D5FDEB}.Debug|Any CPU.ActiveCfg = Debug|iPhone
		{03F82F99-6B60-4D6B-8C64-10BBE0D5FDEB}.Debug|iPhone.ActiveCfg = Debug|iPhone
		{03F82F99-6B60-4D6B-8C64-10BBE0D5FDEB}.Debug|iPhone.Build.0 = Debug|iPhone
		{03F82F99-6B60-4D6B-8C64-10BBE0D5FDEB}.Debug|iPhoneSimulator.ActiveCfg = Debug|iPhoneSimulator
		{03F82F99-6B60-4D6B-8C64-10BBE0D5FDEB}.Debug|iPhoneSimulator.Build.0 = Debug|iPhoneSimulator
		{03F82F99-6B60-4D6B-8C64-10BBE0D5FDEB}.Release|Any CPU.ActiveCfg = Release|iPhone
		{03F82F99-6B60-4D6B-8C64-10BBE0D5FDEB}.Release|iPhone.ActiveCfg = Release|iPhone
		{03F82F99-6B60-4D6B-8C64-10BBE0D5FDEB}.Release|iPhone.Build.0 = Release|iPhone
		{03F82F99-6B60-4D6B-8C64-10BBE0D5FDEB}.Release|iPhoneSimulator.ActiveCfg = Release|iPhoneSimulator
		{03F82F99-6B60-4D6B-8C64-10BBE0D5FDEB}.Release|iPhoneSimulator.Build.0 = Release|iPhoneSimulator
	EndGlobalSection
	GlobalSection(SolutionProperties) = preSolution
		HideSolutionNode = FALSE
	EndGlobalSection
EndGlobal
